
Microsoft Visual Studio Solution File, Format Version 12.00
# Visual Studio Version 17
VisualStudioVersion = 17.9.34607.119
MinimumVisualStudioVersion = 10.0.40219.1
Project("{2150E333-8FDC-42A3-9474-1A3956D46DE8}") = "Day1", "Day1", "{8BB7052D-3EB7-4BC2-A470-914B347451F1}"
EndProject
Project("{2150E333-8FDC-42A3-9474-1A3956D46DE8}") = "Ödev1", "Ödev1", "{4626C778-9826-40A0-8C16-20CEB2014C91}"
EndProject
Project("{9A19103F-16F7-4668-BE54-9A1E7A4F7556}") = "Intro", "Intro\Intro.csproj", "{B077A454-BF45-4C70-BC23-D61E6DFE7FA0}"
EndProject
Project("{2150E333-8FDC-42A3-9474-1A3956D46DE8}") = "Day2", "Day2", "{DF570BBF-F600-491E-9AF2-2B1EBBBAAFF7}"
EndProject
Project("{2150E333-8FDC-42A3-9474-1A3956D46DE8}") = "Assignment1", "Assignment1", "{F3D4C34D-A36A-42B8-88B8-8D8CDBC15FB1}"
EndProject
Project("{9A19103F-16F7-4668-BE54-9A1E7A4F7556}") = "Day2Assignment1", "Day2Assignment1\Day2Assignment1.csproj", "{5455CF7B-BBBD-4A56-AE2E-885D1D1F95E9}"
EndProject
Project("{9A19103F-16F7-4668-BE54-9A1E7A4F7556}") = "RecapDemo", "RecapDemo\RecapDemo.csproj", "{E91316AC-DE36-4715-9F4C-C9B8A7827B27}"
EndProject
Project("{2150E333-8FDC-42A3-9474-1A3956D46DE8}") = "Assignment2", "Assignment2", "{77995920-01B7-443A-A0CA-2A08F3CC1194}"
EndProject
Project("{9A19103F-16F7-4668-BE54-9A1E7A4F7556}") = "Day2Assignment2ReferenceTypes", "Day2Assignment2ReferenceTypes\Day2Assignment2ReferenceTypes.csproj", "{4E2F5DC4-0D0D-4735-BF65-9C5681B4E4B1}"
EndProject
Project("{9A19103F-16F7-4668-BE54-9A1E7A4F7556}") = "Day2Assignment2Constructors", "Day2Assignment2Constructors\Day2Assignment2Constructors.csproj", "{1F6650BE-68C8-4300-8020-26A7AD5566CB}"
EndProject
Project("{9A19103F-16F7-4668-BE54-9A1E7A4F7556}") = "Day2Assignment2Interfaces", "Day2Assignment2Interfaces\Day2Assignment2Interfaces.csproj", "{4F45BB91-DFEB-4B5C-95C9-3B03BA251D0B}"
EndProject
Project("{9A19103F-16F7-4668-BE54-9A1E7A4F7556}") = "Day2Assignment2Generics", "Day2Assignment2Generics\Day2Assignment2Generics.csproj", "{0532AA40-5B69-4973-B900-2E00B4E82B22}"
EndProject
Project("{9A19103F-16F7-4668-BE54-9A1E7A4F7556}") = "Day2Assignment2ThreadingDemo", "Day2Assignment2ThreadingDemo\Day2Assignment2ThreadingDemo.csproj", "{F347257D-5401-4935-B15C-66141858A2D4}"
EndProject
Project("{FAE04EC0-301F-11D3-BF4B-00C04F79EFBC}") = "Day2Assignment2Linq", "Day2Assignment2Linq\Day2Assignment2Linq.csproj", "{409FB4FC-A40E-4EEF-A2F8-00D88AC83CFB}"
EndProject
Global
	GlobalSection(SolutionConfigurationPlatforms) = preSolution
		Debug|Any CPU = Debug|Any CPU
		Release|Any CPU = Release|Any CPU
	EndGlobalSection
	GlobalSection(ProjectConfigurationPlatforms) = postSolution
		{B077A454-BF45-4C70-BC23-D61E6DFE7FA0}.Debug|Any CPU.ActiveCfg = Debug|Any CPU
		{B077A454-BF45-4C70-BC23-D61E6DFE7FA0}.Debug|Any CPU.Build.0 = Debug|Any CPU
		{B077A454-BF45-4C70-BC23-D61E6DFE7FA0}.Release|Any CPU.ActiveCfg = Release|Any CPU
		{B077A454-BF45-4C70-BC23-D61E6DFE7FA0}.Release|Any CPU.Build.0 = Release|Any CPU
		{5455CF7B-BBBD-4A56-AE2E-885D1D1F95E9}.Debug|Any CPU.ActiveCfg = Debug|Any CPU
		{5455CF7B-BBBD-4A56-AE2E-885D1D1F95E9}.Debug|Any CPU.Build.0 = Debug|Any CPU
		{5455CF7B-BBBD-4A56-AE2E-885D1D1F95E9}.Release|Any CPU.ActiveCfg = Release|Any CPU
		{5455CF7B-BBBD-4A56-AE2E-885D1D1F95E9}.Release|Any CPU.Build.0 = Release|Any CPU
		{E91316AC-DE36-4715-9F4C-C9B8A7827B27}.Debug|Any CPU.ActiveCfg = Debug|Any CPU
		{E91316AC-DE36-4715-9F4C-C9B8A7827B27}.Debug|Any CPU.Build.0 = Debug|Any CPU
		{E91316AC-DE36-4715-9F4C-C9B8A7827B27}.Release|Any CPU.ActiveCfg = Release|Any CPU
		{E91316AC-DE36-4715-9F4C-C9B8A7827B27}.Release|Any CPU.Build.0 = Release|Any CPU
		{4E2F5DC4-0D0D-4735-BF65-9C5681B4E4B1}.Debug|Any CPU.ActiveCfg = Debug|Any CPU
		{4E2F5DC4-0D0D-4735-BF65-9C5681B4E4B1}.Debug|Any CPU.Build.0 = Debug|Any CPU
		{4E2F5DC4-0D0D-4735-BF65-9C5681B4E4B1}.Release|Any CPU.ActiveCfg = Release|Any CPU
		{4E2F5DC4-0D0D-4735-BF65-9C5681B4E4B1}.Release|Any CPU.Build.0 = Release|Any CPU
		{1F6650BE-68C8-4300-8020-26A7AD5566CB}.Debug|Any CPU.ActiveCfg = Debug|Any CPU
		{1F6650BE-68C8-4300-8020-26A7AD5566CB}.Debug|Any CPU.Build.0 = Debug|Any CPU
		{1F6650BE-68C8-4300-8020-26A7AD5566CB}.Release|Any CPU.ActiveCfg = Release|Any CPU
		{1F6650BE-68C8-4300-8020-26A7AD5566CB}.Release|Any CPU.Build.0 = Release|Any CPU
		{4F45BB91-DFEB-4B5C-95C9-3B03BA251D0B}.Debug|Any CPU.ActiveCfg = Debug|Any CPU
		{4F45BB91-DFEB-4B5C-95C9-3B03BA251D0B}.Debug|Any CPU.Build.0 = Debug|Any CPU
		{4F45BB91-DFEB-4B5C-95C9-3B03BA251D0B}.Release|Any CPU.ActiveCfg = Release|Any CPU
		{4F45BB91-DFEB-4B5C-95C9-3B03BA251D0B}.Release|Any CPU.Build.0 = Release|Any CPU
		{0532AA40-5B69-4973-B900-2E00B4E82B22}.Debug|Any CPU.ActiveCfg = Debug|Any CPU
		{0532AA40-5B69-4973-B900-2E00B4E82B22}.Debug|Any CPU.Build.0 = Debug|Any CPU
		{0532AA40-5B69-4973-B900-2E00B4E82B22}.Release|Any CPU.ActiveCfg = Release|Any CPU
		{0532AA40-5B69-4973-B900-2E00B4E82B22}.Release|Any CPU.Build.0 = Release|Any CPU
		{F347257D-5401-4935-B15C-66141858A2D4}.Debug|Any CPU.ActiveCfg = Debug|Any CPU
		{F347257D-5401-4935-B15C-66141858A2D4}.Debug|Any CPU.Build.0 = Debug|Any CPU
		{F347257D-5401-4935-B15C-66141858A2D4}.Release|Any CPU.ActiveCfg = Release|Any CPU
		{F347257D-5401-4935-B15C-66141858A2D4}.Release|Any CPU.Build.0 = Release|Any CPU
		{409FB4FC-A40E-4EEF-A2F8-00D88AC83CFB}.Debug|Any CPU.ActiveCfg = Debug|Any CPU
		{409FB4FC-A40E-4EEF-A2F8-00D88AC83CFB}.Debug|Any CPU.Build.0 = Debug|Any CPU
		{409FB4FC-A40E-4EEF-A2F8-00D88AC83CFB}.Release|Any CPU.ActiveCfg = Release|Any CPU
		{409FB4FC-A40E-4EEF-A2F8-00D88AC83CFB}.Release|Any CPU.Build.0 = Release|Any CPU
	EndGlobalSection
	GlobalSection(SolutionProperties) = preSolution
		HideSolutionNode = FALSE
	EndGlobalSection
	GlobalSection(NestedProjects) = preSolution
		{4626C778-9826-40A0-8C16-20CEB2014C91} = {8BB7052D-3EB7-4BC2-A470-914B347451F1}
		{B077A454-BF45-4C70-BC23-D61E6DFE7FA0} = {8BB7052D-3EB7-4BC2-A470-914B347451F1}
		{F3D4C34D-A36A-42B8-88B8-8D8CDBC15FB1} = {DF570BBF-F600-491E-9AF2-2B1EBBBAAFF7}
		{5455CF7B-BBBD-4A56-AE2E-885D1D1F95E9} = {F3D4C34D-A36A-42B8-88B8-8D8CDBC15FB1}
		{E91316AC-DE36-4715-9F4C-C9B8A7827B27} = {F3D4C34D-A36A-42B8-88B8-8D8CDBC15FB1}
		{77995920-01B7-443A-A0CA-2A08F3CC1194} = {DF570BBF-F600-491E-9AF2-2B1EBBBAAFF7}
		{4E2F5DC4-0D0D-4735-BF65-9C5681B4E4B1} = {77995920-01B7-443A-A0CA-2A08F3CC1194}
		{1F6650BE-68C8-4300-8020-26A7AD5566CB} = {77995920-01B7-443A-A0CA-2A08F3CC1194}
		{4F45BB91-DFEB-4B5C-95C9-3B03BA251D0B} = {77995920-01B7-443A-A0CA-2A08F3CC1194}
		{0532AA40-5B69-4973-B900-2E00B4E82B22} = {77995920-01B7-443A-A0CA-2A08F3CC1194}
		{F347257D-5401-4935-B15C-66141858A2D4} = {77995920-01B7-443A-A0CA-2A08F3CC1194}
		{409FB4FC-A40E-4EEF-A2F8-00D88AC83CFB} = {77995920-01B7-443A-A0CA-2A08F3CC1194}
	EndGlobalSection
	GlobalSection(ExtensibilityGlobals) = postSolution
		SolutionGuid = {E00A0C94-FD9D-4D21-9D56-179D46E1932E}
	EndGlobalSection
EndGlobal
